<?xml version="1.0" encoding="utf-8"?>
<Project ToolsVersion="4.0" xmlns="http://schemas.microsoft.com/developer/msbuild/2003">
  <ItemGroup>
    <Filter Include="Source Files">
      <UniqueIdentifier>{4FC737F1-C7A5-4376-A066-2A32D752A2FF}</UniqueIdentifier>
      <Extensions>cpp;c;cc;cxx;c++;cppm;ixx;def;odl;idl;hpj;bat;asm;asmx</Extensions>
    </Filter>
    <Filter Include="Header Files">
      <UniqueIdentifier>{93995380-89BD-4b04-88EB-625FBE52EBFB}</UniqueIdentifier>
      <Extensions>h;hh;hpp;hxx;h++;hm;inl;inc;ipp;xsd</Extensions>
    </Filter>
    <Filter Include="Header Files\LuaBindings">
      <UniqueIdentifier>{7a569a61-af3c-433f-a03d-72e810eef2fc}</UniqueIdentifier>
    </Filter>
  </ItemGroup>
  <ItemGroup>
    <ClInclude Include="framework.h">
      <Filter>Header Files</Filter>
    </ClInclude>
    <ClInclude Include="pch.h">
      <Filter>Header Files</Filter>
    </ClInclude>
    <ClInclude Include="loader.h">
      <Filter>Header Files</Filter>
    </ClInclude>
    <ClInclude Include="..\common\include\sdk.hpp">
      <Filter>Header Files</Filter>
    </ClInclude>
    <ClInclude Include="..\common\include\SM\ChatGui.h">
      <Filter>Header Files</Filter>
    </ClInclude>
    <ClInclude Include="BindingSMM.h">
      <Filter>Header Files\LuaBindings</Filter>
    </ClInclude>
    <ClInclude Include="BindingSMM_chat.h">
      <Filter>Header Files\LuaBindings</Filter>
    </ClInclude>
    <ClInclude Include="BindingSMM_vm.h">
      <Filter>Header Files\LuaBindings</Filter>
    </ClInclude>
    <ClInclude Include="BindingSMM_steam.h">
      <Filter>Header Files\LuaBindings</Filter>
    </ClInclude>
    <ClInclude Include="BindingSMM_misc.h">
      <Filter>Header Files\LuaBindings</Filter>
    </ClInclude>
    <ClInclude Include="BindingSMM_color.h">
      <Filter>Header Files\LuaBindings</Filter>
    </ClInclude>
  </ItemGroup>
  <ItemGroup>
    <ClCompile Include="dllmain.cpp">
      <Filter>Source Files</Filter>
    </ClCompile>
    <ClCompile Include="pch.cpp">
      <Filter>Source Files</Filter>
    </ClCompile>
    <ClCompile Include="loader.cpp">
      <Filter>Source Files</Filter>
    </ClCompile>
    <ClCompile Include="BindingSMM.cpp">
      <Filter>Header Files\LuaBindings</Filter>
    </ClCompile>
    <ClCompile Include="BindingSMM_chat.cpp">
      <Filter>Header Files\LuaBindings</Filter>
    </ClCompile>
    <ClCompile Include="BindingSMM_vm.cpp">
      <Filter>Header Files\LuaBindings</Filter>
    </ClCompile>
    <ClCompile Include="BindingSMM_steam.cpp">
      <Filter>Header Files\LuaBindings</Filter>
    </ClCompile>
    <ClCompile Include="BindingSMM_misc.cpp">
      <Filter>Header Files\LuaBindings</Filter>
    </ClCompile>
    <ClCompile Include="BindingSMM_color.cpp">
      <Filter>Header Files\LuaBindings</Filter>
    </ClCompile>
  </ItemGroup>
  <ItemGroup>
    <None Include="packages.config" />
  </ItemGroup>
</Project>